
Microsoft Visual Studio Solution File, Format Version 12.00
# Visual Studio Version 17
VisualStudioVersion = 17.7.34024.191
MinimumVisualStudioVersion = 10.0.40219.1
Project("{FAE04EC0-301F-11D3-BF4B-00C04F79EFBC}") = "Controlwork", "Controlwork\Controlwork.csproj", "{14EF5AE7-5D24-4BDA-A70F-E2F87C0DF219}"
EndProject
Global
	GlobalSection(SolutionConfigurationPlatforms) = preSolution
		Debug|Any CPU = Debug|Any CPU
		Release|Any CPU = Release|Any CPU
	EndGlobalSection
	GlobalSection(ProjectConfigurationPlatforms) = postSolution
		{14EF5AE7-5D24-4BDA-A70F-E2F87C0DF219}.Debug|Any CPU.ActiveCfg = Debug|Any CPU
		{14EF5AE7-5D24-4BDA-A70F-E2F87C0DF219}.Debug|Any CPU.Build.0 = Debug|Any CPU
		{14EF5AE7-5D24-4BDA-A70F-E2F87C0DF219}.Release|Any CPU.ActiveCfg = Release|Any CPU
		{14EF5AE7-5D24-4BDA-A70F-E2F87C0DF219}.Release|Any CPU.Build.0 = Release|Any CPU
	EndGlobalSection
	GlobalSection(SolutionProperties) = preSolution
		HideSolutionNode = FALSE
	EndGlobalSection
	GlobalSection(ExtensibilityGlobals) = postSolution
		SolutionGuid = {8AAF538A-1048-4E47-99D8-FDD7DD3A051D}
	EndGlobalSection
EndGlobal
